
Microsoft Visual Studio Solution File, Format Version 12.00
# Visual Studio Version 17
VisualStudioVersion = 17.7.34202.233
MinimumVisualStudioVersion = 10.0.40219.1
Project("{FAE04EC0-301F-11D3-BF4B-00C04F79EFBC}") = "ex003", "ex003\ex003.csproj", "{5BEAFE35-B092-4A1D-BB61-406DCEDF6106}"
EndProject
Global
	GlobalSection(SolutionConfigurationPlatforms) = preSolution
		Debug|Any CPU = Debug|Any CPU
		Release|Any CPU = Release|Any CPU
	EndGlobalSection
	GlobalSection(ProjectConfigurationPlatforms) = postSolution
		{5BEAFE35-B092-4A1D-BB61-406DCEDF6106}.Debug|Any CPU.ActiveCfg = Debug|Any CPU
		{5BEAFE35-B092-4A1D-BB61-406DCEDF6106}.Debug|Any CPU.Build.0 = Debug|Any CPU
		{5BEAFE35-B092-4A1D-BB61-406DCEDF6106}.Release|Any CPU.ActiveCfg = Release|Any CPU
		{5BEAFE35-B092-4A1D-BB61-406DCEDF6106}.Release|Any CPU.Build.0 = Release|Any CPU
	EndGlobalSection
	GlobalSection(SolutionProperties) = preSolution
		HideSolutionNode = FALSE
	EndGlobalSection
	GlobalSection(ExtensibilityGlobals) = postSolution
		SolutionGuid = {D74A7A63-6DB0-4694-A1AA-BFAA6A6F4C0B}
	EndGlobalSection
EndGlobal
